# This file is autogenerated, do not edit; changes may be undone by the next 'dep ensure'.


[[projects]]
  branch = "master"
  digest = "1:f7aa215410183f57aef588a0cad59331957211dad0b4375562a272f470b2b8f2"
  name = "github.com/IrineSistiana/mos-doh-client"
  packages = ["client"]
  pruneopts = "UT"
  revision = "6ac3c31daa334587e23e98ac9c29690e9d1fa2b8"

[[projects]]
  digest = "1:f4b7d051caa5968d8e700a33fc254708c75cf86327b42e9db4cb8961a625cc46"
  name = "github.com/IrineSistiana/mosdns"
  packages = ["core/ipv6"]
  pruneopts = "UT"
  revision = "0f192b01260faf3807a39619c1dca95a78c697d0"
  version = "v1.13.1"

[[projects]]
  digest = "1:04457f9f6f3ffc5fea48e71d62f2ca256637dee0a04d710288e27e05c8b41976"
  name = "github.com/Sirupsen/logrus"
  packages = ["."]
  pruneopts = "UT"
  revision = "839c75faf7f98a33d445d181f3018b5c3409a45e"
  version = "v1.4.2"

[[projects]]
  digest = "1:e5e0d775194850f7f06c78f51015ec7c85a59a62613d1ad9847b5ba0f2a021c8"
  name = "github.com/klauspost/compress"
  packages = [
    "flate",
    "gzip",
    "zlib",
  ]
  pruneopts = "UT"
  revision = "d4b3bb13d45b000ac3a915d4f32069a9284540bb"
  version = "v1.10.2"

[[projects]]
  digest = "1:31e761d97c76151dde79e9d28964a812c46efc5baee4085b86f68f0c654450de"
  name = "github.com/konsorten/go-windows-terminal-sequences"
  packages = ["."]
  pruneopts = "UT"
  revision = "f55edac94c9bbba5d6182a4be46d86a2c9b5b50e"
  version = "v1.0.2"

[[projects]]
  digest = "1:b0964eafd082596f6ae1910b2a0ed29d2f2c6a5094b7ac6598605cba25d2b8ac"
  name = "github.com/miekg/dns"
  packages = ["."]
  pruneopts = "UT"
  revision = "6c0c4e6581f8e173cc562c8b3363ab984e4ae071"
  version = "v1.1.27"

[[projects]]
  digest = "1:c468422f334a6b46a19448ad59aaffdfc0a36b08fdcc1c749a0b29b6453d7e59"
  name = "github.com/valyala/bytebufferpool"
  packages = ["."]
  pruneopts = "UT"
  revision = "e746df99fe4a3986f4d4f79e13c1e0117ce9c2f7"
  version = "v1.0.0"

[[projects]]
  digest = "1:15ad8a80098fcc7a194b9db6b26d74072a852e4faa957848c8118193d3c69230"
  name = "github.com/valyala/fasthttp"
  packages = [
    ".",
    "fasthttputil",
    "stackless",
  ]
  pruneopts = "UT"
  revision = "e5f51c11919d4f66400334047b897ef0a94c6f3c"
  version = "v20180529"

[[projects]]
  branch = "master"
  digest = "1:cd7e85fc3687e062714febdee3e8efeb00a413a2a620d28908fd0258261d2353"
  name = "golang.org/x/crypto"
  packages = [
    "ed25519",
    "ed25519/internal/edwards25519",
  ]
  pruneopts = "UT"
  revision = "2aa609cf4a9d7d1126360de73b55b6002f9e052a"

[[projects]]
  branch = "master"
  digest = "1:a342b35551fa09b905a09cc3964bcfca537292ea5cc8993de0e02c9ed12a49a7"
  name = "golang.org/x/net"
  packages = [
    "bpf",
    "internal/iana",
    "internal/socket",
    "ipv4",
    "ipv6",
  ]
  pruneopts = "UT"
  revision = "0de0cce0169b09b364e001f108dc0399ea8630b3"

[[projects]]
  branch = "master"
  digest = "1:e6f3eca022d18ff28112534a46d8bad7400b1523724061dff2d1bfc737bee376"
  name = "golang.org/x/sys"
  packages = [
    "unix",
    "windows",
  ]
  pruneopts = "UT"
  revision = "d5e6a3e2c0ae16fc7480523ebcb7fd4dd3215489"

[[projects]]
  branch = "master"
  digest = "1:f9ba5fb54c319c57b47a6302d88b642025c9f4263551a4c951dc90daf0531a45"
  name = "golang.org/x/tools"
  packages = [
    "go/ast/astutil",
    "go/gcexportdata",
    "go/internal/gcimporter",
    "go/internal/packagesdriver",
    "go/packages",
    "go/types/typeutil",
    "internal/gocommand",
    "internal/packagesinternal",
  ]
  pruneopts = "UT"
  revision = "706bc42d1f0d6e520b893595825c475de0fea824"

[solve-meta]
  analyzer-name = "dep"
  analyzer-version = 1
  input-imports = [
    "github.com/IrineSistiana/mos-doh-client/client",
    "github.com/IrineSistiana/mosdns/core/ipv6",
    "github.com/Sirupsen/logrus",
    "github.com/miekg/dns",
  ]
  solver-name = "gps-cdcl"
  solver-version = 1
