# This file is autogenerated, do not edit; changes may be undone by the next 'dep ensure'.


[[projects]]
  digest = "1:f4b7d051caa5968d8e700a33fc254708c75cf86327b42e9db4cb8961a625cc46"
  name = "github.com/IrineSistiana/mosdns"
  packages = ["core/ipv6"]
  pruneopts = "UT"
  revision = "0f192b01260faf3807a39619c1dca95a78c697d0"
  version = "v1.13.1"

[[projects]]
  digest = "1:04457f9f6f3ffc5fea48e71d62f2ca256637dee0a04d710288e27e05c8b41976"
  name = "github.com/Sirupsen/logrus"
  packages = ["."]
  pruneopts = "UT"
  revision = "839c75faf7f98a33d445d181f3018b5c3409a45e"
  version = "v1.4.2"

[[projects]]
  digest = "1:31e761d97c76151dde79e9d28964a812c46efc5baee4085b86f68f0c654450de"
  name = "github.com/konsorten/go-windows-terminal-sequences"
  packages = ["."]
  pruneopts = "UT"
  revision = "f55edac94c9bbba5d6182a4be46d86a2c9b5b50e"
  version = "v1.0.2"

[[projects]]
  digest = "1:b0964eafd082596f6ae1910b2a0ed29d2f2c6a5094b7ac6598605cba25d2b8ac"
  name = "github.com/miekg/dns"
  packages = ["."]
  pruneopts = "UT"
  revision = "6c0c4e6581f8e173cc562c8b3363ab984e4ae071"
  version = "v1.1.27"

[[projects]]
  branch = "master"
  digest = "1:cd7e85fc3687e062714febdee3e8efeb00a413a2a620d28908fd0258261d2353"
  name = "golang.org/x/crypto"
  packages = [
    "ed25519",
    "ed25519/internal/edwards25519",
  ]
  pruneopts = "UT"
  revision = "ecb85df213405b7d32e4d73cb5bbaace2ec88881"

[[projects]]
  branch = "master"
  digest = "1:7182ef5a2af56ca8c788b291e7f9926b85c354eb0a93bc5a57ce19c99e42d74f"
  name = "golang.org/x/net"
  packages = [
    "bpf",
    "internal/iana",
    "internal/socket",
    "ipv4",
    "ipv6",
  ]
  pruneopts = "UT"
  revision = "16171245cfb220d5317888b716d69c1fb4e7992b"

[[projects]]
  branch = "master"
  digest = "1:b40521580b68b3cd78f87d1820116ba94090f426b7da3c4e3124e874e1f431dd"
  name = "golang.org/x/sys"
  packages = [
    "unix",
    "windows",
  ]
  pruneopts = "UT"
  revision = "d101bd2416d505c0448a6ce8a282482678040a89"

[[projects]]
  branch = "master"
  digest = "1:060d05e6f50db04025a7e6bc5edc3d2f8a6255280e295da61473d966a6884a59"
  name = "golang.org/x/tools"
  packages = [
    "go/ast/astutil",
    "go/gcexportdata",
    "go/internal/gcimporter",
    "go/internal/packagesdriver",
    "go/packages",
    "go/types/typeutil",
    "internal/packagesinternal",
  ]
  pruneopts = "UT"
  revision = "61798d64f0258df3b7b6e3667997eaebec9c0d99"

[solve-meta]
  analyzer-name = "dep"
  analyzer-version = 1
  input-imports = [
    "github.com/IrineSistiana/mosdns/core/ipv6",
    "github.com/Sirupsen/logrus",
    "github.com/miekg/dns",
  ]
  solver-name = "gps-cdcl"
  solver-version = 1
